
Microsoft Visual Studio Solution File, Format Version 12.00
# Visual Studio Version 18
VisualStudioVersion = 18.6.11819.183
MinimumVisualStudioVersion = 10.0.40219.1
Project("{2150E333-8FDC-42A3-9474-1A3956D46DE8}") = "Tests", "Tests", "{E5F5079F-EF2B-4A9B-B00F-44AA61F07339}"
EndProject
Project("{2150E333-8FDC-42A3-9474-1A3956D46DE8}") = "Core", "Core", "{8D95B70E-B943-4D24-A90A-A811CD0E7497}"
EndProject
Project("{9A19103F-16F7-4668-BE54-9A1E7A4F7556}") = "IRI.Maptor.Core.Common", "src\Core\IRI.Maptor.Core.Common\IRI.Maptor.Core.Common.csproj", "{1ED088E6-1806-4D77-9143-2221DCBCF8F1}"
EndProject
Project("{2150E333-8FDC-42A3-9474-1A3956D46DE8}") = "Samples", "Samples", "{B5AE1C6D-C747-476A-B892-FF58DF006254}"
EndProject
Project("{9A19103F-16F7-4668-BE54-9A1E7A4F7556}") = "IRI.Maptor.Core.Ogc", "src\Core\IRI.Maptor.Core.Ogc\IRI.Maptor.Core.Ogc.csproj", "{BE942544-C359-4A3A-A249-930A55AB801F}"
EndProject
Project("{9A19103F-16F7-4668-BE54-9A1E7A4F7556}") = "IRI.Maptor.Tests", "tests\IRI.Maptor.Tests\IRI.Maptor.Tests.csproj", "{80C31A04-8542-4484-AE8A-78F67243AF2C}"
EndProject
Project("{9A19103F-16F7-4668-BE54-9A1E7A4F7556}") = "IRI.Maptor.Core.MachineLearning", "src\Core\IRI.Maptor.Core.MachineLearning\IRI.Maptor.Core.MachineLearning.csproj", "{DDA5CADB-6BEF-4AE1-80A3-3FDDB150B05B}"
EndProject
Project("{9A19103F-16F7-4668-BE54-9A1E7A4F7556}") = "IRI.Maptor.Core.ShapefileFormat", "src\Core\IRI.Maptor.Core.ShapefileFormat\IRI.Maptor.Core.ShapefileFormat.csproj", "{6F59FFD4-C888-4B6F-9D2C-94396693D84E}"
EndProject
Project("{2150E333-8FDC-42A3-9474-1A3956D46DE8}") = "Infrastructure", "Infrastructure", "{A839D3E5-8157-4EF6-8EB1-FA4E87A92CDA}"
EndProject
Project("{9A19103F-16F7-4668-BE54-9A1E7A4F7556}") = "IRI.Maptor.Infrastructure.WindowsBase", "src\Infrastructure\IRI.Maptor.Infrastructure.WindowsBase\IRI.Maptor.Infrastructure.WindowsBase.csproj", "{1523DACD-D0FA-4E7A-AF98-15E45F65E0B0}"
EndProject
Project("{9A19103F-16F7-4668-BE54-9A1E7A4F7556}") = "IRI.Maptor.Infrastructure.SqlServerSpatialExtension", "src\Infrastructure\IRI.Maptor.Infrastructure.SqlServerSpatialExtension\IRI.Maptor.Infrastructure.SqlServerSpatialExtension.csproj", "{4900C16A-8C31-4655-B3E8-0DED527D2132}"
EndProject
Project("{9A19103F-16F7-4668-BE54-9A1E7A4F7556}") = "IRI.Maptor.Presentation.Wpf", "src\Presentation\IRI.Maptor.Presentation.Wpf\IRI.Maptor.Presentation.Wpf.csproj", "{2CE9A8E7-BA53-410B-A2B8-7D285CBDFFC1}"
EndProject
Project("{9A19103F-16F7-4668-BE54-9A1E7A4F7556}") = "IRI.Maptor.Res.Sfc", "research\IRI.Maptor.Res.Sfc\IRI.Maptor.Res.Sfc.csproj", "{ABB3E4C9-9952-486D-AE45-9AA76013AA43}"
EndProject
Project("{9A19103F-16F7-4668-BE54-9A1E7A4F7556}") = "IRI.Maptor.Res.TrajectoryCompression", "research\IRI.Maptor.Res.TrajectoryCompression\IRI.Maptor.Res.TrajectoryCompression.csproj", "{A12AA661-6B13-447A-8EE2-D011FF3A9CF4}"
EndProject
Project("{9A19103F-16F7-4668-BE54-9A1E7A4F7556}") = "IRI.Maptor.Infrastructure.SqlServer", "src\Infrastructure\IRI.Maptor.Infrastructure.SqlServer\IRI.Maptor.Infrastructure.SqlServer.csproj", "{80C4F9EA-23F8-4F92-BA22-98BE7540B883}"
EndProject
Project("{9A19103F-16F7-4668-BE54-9A1E7A4F7556}") = "IRI.Maptor.Infrastructure.PersonalGdb", "src\Infrastructure\IRI.Maptor.Infrastructure.PersonalGdb\IRI.Maptor.Infrastructure.PersonalGdb.csproj", "{7257CD96-7FD0-4E4A-A7A0-2474A6464B90}"
EndProject
Project("{9A19103F-16F7-4668-BE54-9A1E7A4F7556}") = "IRI.Maptor.Infrastructure.PostgreSql", "src\Infrastructure\IRI.Maptor.Infrastructure.PostgreSql\IRI.Maptor.Infrastructure.PostgreSql.csproj", "{470D51EC-1DEC-418B-A169-2D72E8721E12}"
EndProject
Project("{9A19103F-16F7-4668-BE54-9A1E7A4F7556}") = "IRI.Maptor.Infrastructure.WebApi", "src\Infrastructure\IRI.Maptor.Infrastructure.WebApi\IRI.Maptor.Infrastructure.WebApi.csproj", "{99979E6E-D7E0-451C-88AA-ACC0251C93CF}"
EndProject
Project("{9A19103F-16F7-4668-BE54-9A1E7A4F7556}") = "IRI.Maptor.Infrastructure.GdiPlus", "src\Infrastructure\IRI.Maptor.Infrastructure.GdiPlus\IRI.Maptor.Infrastructure.GdiPlus.csproj", "{17E1F199-A4DB-4C1B-81EE-98EEF1AA6994}"
EndProject
Project("{9A19103F-16F7-4668-BE54-9A1E7A4F7556}") = "IRI.Maptor.Core.GsmGprs", "src\Core\IRI.Maptor.Core.GsmGprs\IRI.Maptor.Core.GsmGprs.csproj", "{70207D4B-EE52-43D6-B693-D9023926A981}"
EndProject
Project("{9A19103F-16F7-4668-BE54-9A1E7A4F7556}") = "IRI.Maptor.Res.FastSimplification", "research\IRI.Maptor.Res.FastSimplification\IRI.Maptor.Res.FastSimplification.csproj", "{97D4AB96-AA2B-442E-B433-9699A6123787}"
EndProject
Project("{9A19103F-16F7-4668-BE54-9A1E7A4F7556}") = "IRI.Maptor.Core.SpatialReferenceSystem", "src\Core\IRI.Maptor.Core.SpatialReferenceSystem\IRI.Maptor.Core.SpatialReferenceSystem.csproj", "{A4D96303-6C3E-453C-8CE9-1A3D771AE9F9}"
EndProject
Project("{9A19103F-16F7-4668-BE54-9A1E7A4F7556}") = "IRI.Maptor.Core.Spatial", "src\Core\IRI.Maptor.Core.Spatial\IRI.Maptor.Core.Spatial.csproj", "{9C6B567A-B17B-4AF9-BFE4-8150C84313A5}"
EndProject
Project("{9A19103F-16F7-4668-BE54-9A1E7A4F7556}") = "IRI.Maptor.Core.GeoParquet", "src\Core\IRI.Maptor.Core.GeoParquet\IRI.Maptor.Core.GeoParquet.csproj", "{B8E4F2A1-3C5D-4F8E-9A2B-1D3E4F5A6B7C}"
EndProject
Project("{9A19103F-16F7-4668-BE54-9A1E7A4F7556}") = "IRI.Maptor.Core.Graph", "src\Core\IRI.Maptor.Core.Graph\IRI.Maptor.Core.Graph.csproj", "{7ADD954B-79C6-4EDE-8C7B-73C706A33912}"
EndProject
Project("{9A19103F-16F7-4668-BE54-9A1E7A4F7556}") = "IRI.Maptor.Core.Security", "src\Core\IRI.Maptor.Core.Security\IRI.Maptor.Core.Security.csproj", "{5A148633-9D6E-4886-8D2B-202D3B6FA8F9}"
EndProject
Project("{9A19103F-16F7-4668-BE54-9A1E7A4F7556}") = "IRI.Maptor.Core.Persistence", "src\Core\IRI.Maptor.Core.Persistence\IRI.Maptor.Core.Persistence.csproj", "{78415C93-67A8-4A0A-97ED-2A255347AA08}"
EndProject
Project("{9A19103F-16F7-4668-BE54-9A1E7A4F7556}") = "IRI.Maptor.Presentation.IranRepo", "src\Presentation\IRI.Maptor.Presentation.IranRepo\IRI.Maptor.Presentation.IranRepo.csproj", "{85669669-DDD3-4C60-89CC-FC95A6BBEFF3}"
EndProject
Project("{2150E333-8FDC-42A3-9474-1A3956D46DE8}") = "Research", "Research", "{D14E917F-45A0-4E0C-BCF5-31DC3C7D2B5B}"
EndProject
Project("{9A19103F-16F7-4668-BE54-9A1E7A4F7556}") = "IRI.Maptor.Res.LRSimplification", "research\IRI.Maptor.Res.LRSimplification\IRI.Maptor.Res.LRSimplification.csproj", "{D014CB92-FC84-4AB2-B4EE-270DE44F4C01}"
EndProject
Project("{9A19103F-16F7-4668-BE54-9A1E7A4F7556}") = "IRI.Maptor.Infrastructure.Sqlite", "src\Infrastructure\IRI.Maptor.Infrastructure.Sqlite\IRI.Maptor.Infrastructure.Sqlite.csproj", "{D7A4EEC3-D3B6-40B0-A98E-5618BC8D4465}"
EndProject
Project("{9A19103F-16F7-4668-BE54-9A1E7A4F7556}") = "IRI.Maptor.Core.Pdf", "src\Core\IRI.Maptor.Core.Pdf\IRI.Maptor.Core.Pdf.csproj", "{DA7AD537-67D7-4338-8150-B140BE12B38E}"
EndProject
Project("{9A19103F-16F7-4668-BE54-9A1E7A4F7556}") = "IRI.Maptor.Presentation.Core", "src\Presentation\IRI.Maptor.Presentation.Core\IRI.Maptor.Presentation.Core.csproj", "{6E14D2DE-496B-4FCD-97A8-1B360401FD3A}"
EndProject
Project("{9A19103F-16F7-4668-BE54-9A1E7A4F7556}") = "IRI.Maptor.Presentation.Maui", "src\Presentation\IRI.Maptor.Presentation.Maui\IRI.Maptor.Presentation.Maui.csproj", "{8E6C33F5-6926-461C-8F27-446738ED9C22}"
EndProject
Project("{9A19103F-16F7-4668-BE54-9A1E7A4F7556}") = "IRI.Maptor.Infrastructure.EfCore", "src\Infrastructure\IRI.Maptor.Infrastructure.EfCore\IRI.Maptor.Infrastructure.EfCore.csproj", "{2297F4C1-6563-434C-BE3C-03A0E18AB00E}"
EndProject
Project("{FAE04EC0-301F-11D3-BF4B-00C04F79EFBC}") = "IRI.Maptor.Presentation.Blazor", "src\Presentation\IRI.Maptor.Presentation.Blazor\IRI.Maptor.Presentation.Blazor.csproj", "{61AA8B73-6C14-08BA-7219-4008B83EE9F6}"
EndProject
Project("{2150E333-8FDC-42A3-9474-1A3956D46DE8}") = "Presentation", "Presentation", "{FFCD19B2-4E9A-4195-A534-166F02FDE2C3}"
EndProject
Project("{FAE04EC0-301F-11D3-BF4B-00C04F79EFBC}") = "IRI.Maptor.Core.Versioning", "src\Core\IRI.Maptor.Core.Versioning\IRI.Maptor.Core.Versioning.csproj", "{50829EED-612B-445E-8E70-532D4D46073B}"
EndProject
Project("{FAE04EC0-301F-11D3-BF4B-00C04F79EFBC}") = "IRI.Maptor.Infrastructure.Versioning", "src\Infrastructure\IRI.Maptor.Infrastructure.Versioning\IRI.Maptor.Infrastructure.Versioning.csproj", "{17464856-DA9B-417A-8B79-549BBDADD04E}"
EndProject
Project("{9A19103F-16F7-4668-BE54-9A1E7A4F7556}") = "IRI.Maptor.Samples.Core", "samples\IRI.Maptor.Samples.Core\IRI.Maptor.Samples.Core.csproj", "{9086B1C2-A0FE-472D-9A55-2A190F8C92A2}"
EndProject
Project("{9A19103F-16F7-4668-BE54-9A1E7A4F7556}") = "IRI.Maptor.Samples.Wpf.HelloMap", "samples\IRI.Maptor.Samples.Wpf.HelloMap\IRI.Maptor.Samples.Wpf.HelloMap.csproj", "{BFEE0A50-FF58-46DB-9B4A-4F7D3A489943}"
EndProject
Project("{9A19103F-16F7-4668-BE54-9A1E7A4F7556}") = "IRI.Maptor.Samples.Wpf.Gallery", "samples\IRI.Maptor.Samples.Wpf.Gallery\IRI.Maptor.Samples.Wpf.Gallery.csproj", "{AE8820C2-B030-48EF-9B81-72B31ACF28CE}"
EndProject
Global
	GlobalSection(SolutionConfigurationPlatforms) = preSolution
		Debug|Any CPU = Debug|Any CPU
		Debug|x86 = Debug|x86
		Release|Any CPU = Release|Any CPU
		Release|x86 = Release|x86
	EndGlobalSection
	GlobalSection(ProjectConfigurationPlatforms) = postSolution
		{1ED088E6-1806-4D77-9143-2221DCBCF8F1}.Debug|Any CPU.ActiveCfg = Debug|Any CPU
		{1ED088E6-1806-4D77-9143-2221DCBCF8F1}.Debug|Any CPU.Build.0 = Debug|Any CPU
		{1ED088E6-1806-4D77-9143-2221DCBCF8F1}.Debug|x86.ActiveCfg = Debug|Any CPU
		{1ED088E6-1806-4D77-9143-2221DCBCF8F1}.Debug|x86.Build.0 = Debug|Any CPU
		{1ED088E6-1806-4D77-9143-2221DCBCF8F1}.Release|Any CPU.ActiveCfg = Release|Any CPU
		{1ED088E6-1806-4D77-9143-2221DCBCF8F1}.Release|Any CPU.Build.0 = Release|Any CPU
		{1ED088E6-1806-4D77-9143-2221DCBCF8F1}.Release|x86.ActiveCfg = Release|Any CPU
		{1ED088E6-1806-4D77-9143-2221DCBCF8F1}.Release|x86.Build.0 = Release|Any CPU
		{BE942544-C359-4A3A-A249-930A55AB801F}.Debug|Any CPU.ActiveCfg = Debug|Any CPU
		{BE942544-C359-4A3A-A249-930A55AB801F}.Debug|Any CPU.Build.0 = Debug|Any CPU
		{BE942544-C359-4A3A-A249-930A55AB801F}.Debug|x86.ActiveCfg = Debug|Any CPU
		{BE942544-C359-4A3A-A249-930A55AB801F}.Debug|x86.Build.0 = Debug|Any CPU
		{BE942544-C359-4A3A-A249-930A55AB801F}.Release|Any CPU.ActiveCfg = Release|Any CPU
		{BE942544-C359-4A3A-A249-930A55AB801F}.Release|Any CPU.Build.0 = Release|Any CPU
		{BE942544-C359-4A3A-A249-930A55AB801F}.Release|x86.ActiveCfg = Release|Any CPU
		{BE942544-C359-4A3A-A249-930A55AB801F}.Release|x86.Build.0 = Release|Any CPU
		{80C31A04-8542-4484-AE8A-78F67243AF2C}.Debug|Any CPU.ActiveCfg = Debug|Any CPU
		{80C31A04-8542-4484-AE8A-78F67243AF2C}.Debug|Any CPU.Build.0 = Debug|Any CPU
		{80C31A04-8542-4484-AE8A-78F67243AF2C}.Debug|x86.ActiveCfg = Debug|Any CPU
		{80C31A04-8542-4484-AE8A-78F67243AF2C}.Debug|x86.Build.0 = Debug|Any CPU
		{80C31A04-8542-4484-AE8A-78F67243AF2C}.Release|Any CPU.ActiveCfg = Release|Any CPU
		{80C31A04-8542-4484-AE8A-78F67243AF2C}.Release|Any CPU.Build.0 = Release|Any CPU
		{80C31A04-8542-4484-AE8A-78F67243AF2C}.Release|x86.ActiveCfg = Release|Any CPU
		{80C31A04-8542-4484-AE8A-78F67243AF2C}.Release|x86.Build.0 = Release|Any CPU
		{DDA5CADB-6BEF-4AE1-80A3-3FDDB150B05B}.Debug|Any CPU.ActiveCfg = Debug|Any CPU
		{DDA5CADB-6BEF-4AE1-80A3-3FDDB150B05B}.Debug|Any CPU.Build.0 = Debug|Any CPU
		{DDA5CADB-6BEF-4AE1-80A3-3FDDB150B05B}.Debug|x86.ActiveCfg = Debug|Any CPU
		{DDA5CADB-6BEF-4AE1-80A3-3FDDB150B05B}.Debug|x86.Build.0 = Debug|Any CPU
		{DDA5CADB-6BEF-4AE1-80A3-3FDDB150B05B}.Release|Any CPU.ActiveCfg = Release|Any CPU
		{DDA5CADB-6BEF-4AE1-80A3-3FDDB150B05B}.Release|Any CPU.Build.0 = Release|Any CPU
		{DDA5CADB-6BEF-4AE1-80A3-3FDDB150B05B}.Release|x86.ActiveCfg = Release|Any CPU
		{DDA5CADB-6BEF-4AE1-80A3-3FDDB150B05B}.Release|x86.Build.0 = Release|Any CPU
		{6F59FFD4-C888-4B6F-9D2C-94396693D84E}.Debug|Any CPU.ActiveCfg = Debug|Any CPU
		{6F59FFD4-C888-4B6F-9D2C-94396693D84E}.Debug|Any CPU.Build.0 = Debug|Any CPU
		{6F59FFD4-C888-4B6F-9D2C-94396693D84E}.Debug|x86.ActiveCfg = Debug|Any CPU
		{6F59FFD4-C888-4B6F-9D2C-94396693D84E}.Debug|x86.Build.0 = Debug|Any CPU
		{6F59FFD4-C888-4B6F-9D2C-94396693D84E}.Release|Any CPU.ActiveCfg = Release|Any CPU
		{6F59FFD4-C888-4B6F-9D2C-94396693D84E}.Release|Any CPU.Build.0 = Release|Any CPU
		{6F59FFD4-C888-4B6F-9D2C-94396693D84E}.Release|x86.ActiveCfg = Release|Any CPU
		{6F59FFD4-C888-4B6F-9D2C-94396693D84E}.Release|x86.Build.0 = Release|Any CPU
		{1523DACD-D0FA-4E7A-AF98-15E45F65E0B0}.Debug|Any CPU.ActiveCfg = Debug|Any CPU
		{1523DACD-D0FA-4E7A-AF98-15E45F65E0B0}.Debug|Any CPU.Build.0 = Debug|Any CPU
		{1523DACD-D0FA-4E7A-AF98-15E45F65E0B0}.Debug|x86.ActiveCfg = Debug|Any CPU
		{1523DACD-D0FA-4E7A-AF98-15E45F65E0B0}.Debug|x86.Build.0 = Debug|Any CPU
		{1523DACD-D0FA-4E7A-AF98-15E45F65E0B0}.Release|Any CPU.ActiveCfg = Release|Any CPU
		{1523DACD-D0FA-4E7A-AF98-15E45F65E0B0}.Release|Any CPU.Build.0 = Release|Any CPU
		{1523DACD-D0FA-4E7A-AF98-15E45F65E0B0}.Release|x86.ActiveCfg = Release|Any CPU
		{1523DACD-D0FA-4E7A-AF98-15E45F65E0B0}.Release|x86.Build.0 = Release|Any CPU
		{4900C16A-8C31-4655-B3E8-0DED527D2132}.Debug|Any CPU.ActiveCfg = Debug|Any CPU
		{4900C16A-8C31-4655-B3E8-0DED527D2132}.Debug|Any CPU.Build.0 = Debug|Any CPU
		{4900C16A-8C31-4655-B3E8-0DED527D2132}.Debug|x86.ActiveCfg = Debug|Any CPU
		{4900C16A-8C31-4655-B3E8-0DED527D2132}.Debug|x86.Build.0 = Debug|Any CPU
		{4900C16A-8C31-4655-B3E8-0DED527D2132}.Release|Any CPU.ActiveCfg = Release|Any CPU
		{4900C16A-8C31-4655-B3E8-0DED527D2132}.Release|Any CPU.Build.0 = Release|Any CPU
		{4900C16A-8C31-4655-B3E8-0DED527D2132}.Release|x86.ActiveCfg = Release|Any CPU
		{4900C16A-8C31-4655-B3E8-0DED527D2132}.Release|x86.Build.0 = Release|Any CPU
		{2CE9A8E7-BA53-410B-A2B8-7D285CBDFFC1}.Debug|Any CPU.ActiveCfg = Debug|Any CPU
		{2CE9A8E7-BA53-410B-A2B8-7D285CBDFFC1}.Debug|Any CPU.Build.0 = Debug|Any CPU
		{2CE9A8E7-BA53-410B-A2B8-7D285CBDFFC1}.Debug|x86.ActiveCfg = Debug|Any CPU
		{2CE9A8E7-BA53-410B-A2B8-7D285CBDFFC1}.Debug|x86.Build.0 = Debug|Any CPU
		{2CE9A8E7-BA53-410B-A2B8-7D285CBDFFC1}.Release|Any CPU.ActiveCfg = Release|Any CPU
		{2CE9A8E7-BA53-410B-A2B8-7D285CBDFFC1}.Release|Any CPU.Build.0 = Release|Any CPU
		{2CE9A8E7-BA53-410B-A2B8-7D285CBDFFC1}.Release|x86.ActiveCfg = Release|Any CPU
		{2CE9A8E7-BA53-410B-A2B8-7D285CBDFFC1}.Release|x86.Build.0 = Release|Any CPU
		{ABB3E4C9-9952-486D-AE45-9AA76013AA43}.Debug|Any CPU.ActiveCfg = Debug|Any CPU
		{ABB3E4C9-9952-486D-AE45-9AA76013AA43}.Debug|Any CPU.Build.0 = Debug|Any CPU
		{ABB3E4C9-9952-486D-AE45-9AA76013AA43}.Debug|x86.ActiveCfg = Debug|Any CPU
		{ABB3E4C9-9952-486D-AE45-9AA76013AA43}.Debug|x86.Build.0 = Debug|Any CPU
		{ABB3E4C9-9952-486D-AE45-9AA76013AA43}.Release|Any CPU.ActiveCfg = Release|Any CPU
		{ABB3E4C9-9952-486D-AE45-9AA76013AA43}.Release|Any CPU.Build.0 = Release|Any CPU
		{ABB3E4C9-9952-486D-AE45-9AA76013AA43}.Release|x86.ActiveCfg = Release|Any CPU
		{ABB3E4C9-9952-486D-AE45-9AA76013AA43}.Release|x86.Build.0 = Release|Any CPU
		{A12AA661-6B13-447A-8EE2-D011FF3A9CF4}.Debug|Any CPU.ActiveCfg = Debug|Any CPU
		{A12AA661-6B13-447A-8EE2-D011FF3A9CF4}.Debug|Any CPU.Build.0 = Debug|Any CPU
		{A12AA661-6B13-447A-8EE2-D011FF3A9CF4}.Debug|x86.ActiveCfg = Debug|Any CPU
		{A12AA661-6B13-447A-8EE2-D011FF3A9CF4}.Debug|x86.Build.0 = Debug|Any CPU
		{A12AA661-6B13-447A-8EE2-D011FF3A9CF4}.Release|Any CPU.ActiveCfg = Release|Any CPU
		{A12AA661-6B13-447A-8EE2-D011FF3A9CF4}.Release|Any CPU.Build.0 = Release|Any CPU
		{A12AA661-6B13-447A-8EE2-D011FF3A9CF4}.Release|x86.ActiveCfg = Release|Any CPU
		{A12AA661-6B13-447A-8EE2-D011FF3A9CF4}.Release|x86.Build.0 = Release|Any CPU
		{80C4F9EA-23F8-4F92-BA22-98BE7540B883}.Debug|Any CPU.ActiveCfg = Debug|Any CPU
		{80C4F9EA-23F8-4F92-BA22-98BE7540B883}.Debug|Any CPU.Build.0 = Debug|Any CPU
		{80C4F9EA-23F8-4F92-BA22-98BE7540B883}.Debug|x86.ActiveCfg = Debug|Any CPU
		{80C4F9EA-23F8-4F92-BA22-98BE7540B883}.Debug|x86.Build.0 = Debug|Any CPU
		{80C4F9EA-23F8-4F92-BA22-98BE7540B883}.Release|Any CPU.ActiveCfg = Release|Any CPU
		{80C4F9EA-23F8-4F92-BA22-98BE7540B883}.Release|Any CPU.Build.0 = Release|Any CPU
		{80C4F9EA-23F8-4F92-BA22-98BE7540B883}.Release|x86.ActiveCfg = Release|Any CPU
		{80C4F9EA-23F8-4F92-BA22-98BE7540B883}.Release|x86.Build.0 = Release|Any CPU
		{7257CD96-7FD0-4E4A-A7A0-2474A6464B90}.Debug|Any CPU.ActiveCfg = Debug|Any CPU
		{7257CD96-7FD0-4E4A-A7A0-2474A6464B90}.Debug|Any CPU.Build.0 = Debug|Any CPU
		{7257CD96-7FD0-4E4A-A7A0-2474A6464B90}.Debug|x86.ActiveCfg = Debug|Any CPU
		{7257CD96-7FD0-4E4A-A7A0-2474A6464B90}.Debug|x86.Build.0 = Debug|Any CPU
		{7257CD96-7FD0-4E4A-A7A0-2474A6464B90}.Release|Any CPU.ActiveCfg = Release|Any CPU
		{7257CD96-7FD0-4E4A-A7A0-2474A6464B90}.Release|Any CPU.Build.0 = Release|Any CPU
		{7257CD96-7FD0-4E4A-A7A0-2474A6464B90}.Release|x86.ActiveCfg = Release|Any CPU
		{7257CD96-7FD0-4E4A-A7A0-2474A6464B90}.Release|x86.Build.0 = Release|Any CPU
		{470D51EC-1DEC-418B-A169-2D72E8721E12}.Debug|Any CPU.ActiveCfg = Debug|Any CPU
		{470D51EC-1DEC-418B-A169-2D72E8721E12}.Debug|Any CPU.Build.0 = Debug|Any CPU
		{470D51EC-1DEC-418B-A169-2D72E8721E12}.Debug|x86.ActiveCfg = Debug|Any CPU
		{470D51EC-1DEC-418B-A169-2D72E8721E12}.Debug|x86.Build.0 = Debug|Any CPU
		{470D51EC-1DEC-418B-A169-2D72E8721E12}.Release|Any CPU.ActiveCfg = Release|Any CPU
		{470D51EC-1DEC-418B-A169-2D72E8721E12}.Release|Any CPU.Build.0 = Release|Any CPU
		{470D51EC-1DEC-418B-A169-2D72E8721E12}.Release|x86.ActiveCfg = Release|Any CPU
		{470D51EC-1DEC-418B-A169-2D72E8721E12}.Release|x86.Build.0 = Release|Any CPU
		{99979E6E-D7E0-451C-88AA-ACC0251C93CF}.Debug|Any CPU.ActiveCfg = Debug|Any CPU
		{99979E6E-D7E0-451C-88AA-ACC0251C93CF}.Debug|Any CPU.Build.0 = Debug|Any CPU
		{99979E6E-D7E0-451C-88AA-ACC0251C93CF}.Debug|x86.ActiveCfg = Debug|Any CPU
		{99979E6E-D7E0-451C-88AA-ACC0251C93CF}.Debug|x86.Build.0 = Debug|Any CPU
		{99979E6E-D7E0-451C-88AA-ACC0251C93CF}.Release|Any CPU.ActiveCfg = Release|Any CPU
		{99979E6E-D7E0-451C-88AA-ACC0251C93CF}.Release|Any CPU.Build.0 = Release|Any CPU
		{99979E6E-D7E0-451C-88AA-ACC0251C93CF}.Release|x86.ActiveCfg = Release|Any CPU
		{99979E6E-D7E0-451C-88AA-ACC0251C93CF}.Release|x86.Build.0 = Release|Any CPU
		{17E1F199-A4DB-4C1B-81EE-98EEF1AA6994}.Debug|Any CPU.ActiveCfg = Debug|Any CPU
		{17E1F199-A4DB-4C1B-81EE-98EEF1AA6994}.Debug|Any CPU.Build.0 = Debug|Any CPU
		{17E1F199-A4DB-4C1B-81EE-98EEF1AA6994}.Debug|x86.ActiveCfg = Debug|Any CPU
		{17E1F199-A4DB-4C1B-81EE-98EEF1AA6994}.Debug|x86.Build.0 = Debug|Any CPU
		{17E1F199-A4DB-4C1B-81EE-98EEF1AA6994}.Release|Any CPU.ActiveCfg = Release|Any CPU
		{17E1F199-A4DB-4C1B-81EE-98EEF1AA6994}.Release|Any CPU.Build.0 = Release|Any CPU
		{17E1F199-A4DB-4C1B-81EE-98EEF1AA6994}.Release|x86.ActiveCfg = Release|Any CPU
		{17E1F199-A4DB-4C1B-81EE-98EEF1AA6994}.Release|x86.Build.0 = Release|Any CPU
		{70207D4B-EE52-43D6-B693-D9023926A981}.Debug|Any CPU.ActiveCfg = Debug|Any CPU
		{70207D4B-EE52-43D6-B693-D9023926A981}.Debug|Any CPU.Build.0 = Debug|Any CPU
		{70207D4B-EE52-43D6-B693-D9023926A981}.Debug|x86.ActiveCfg = Debug|Any CPU
		{70207D4B-EE52-43D6-B693-D9023926A981}.Debug|x86.Build.0 = Debug|Any CPU
		{70207D4B-EE52-43D6-B693-D9023926A981}.Release|Any CPU.ActiveCfg = Release|Any CPU
		{70207D4B-EE52-43D6-B693-D9023926A981}.Release|Any CPU.Build.0 = Release|Any CPU
		{70207D4B-EE52-43D6-B693-D9023926A981}.Release|x86.ActiveCfg = Release|Any CPU
		{70207D4B-EE52-43D6-B693-D9023926A981}.Release|x86.Build.0 = Release|Any CPU
		{97D4AB96-AA2B-442E-B433-9699A6123787}.Debug|Any CPU.ActiveCfg = Debug|Any CPU
		{97D4AB96-AA2B-442E-B433-9699A6123787}.Debug|Any CPU.Build.0 = Debug|Any CPU
		{97D4AB96-AA2B-442E-B433-9699A6123787}.Debug|x86.ActiveCfg = Debug|Any CPU
		{97D4AB96-AA2B-442E-B433-9699A6123787}.Debug|x86.Build.0 = Debug|Any CPU
		{97D4AB96-AA2B-442E-B433-9699A6123787}.Release|Any CPU.ActiveCfg = Release|Any CPU
		{97D4AB96-AA2B-442E-B433-9699A6123787}.Release|Any CPU.Build.0 = Release|Any CPU
		{97D4AB96-AA2B-442E-B433-9699A6123787}.Release|x86.ActiveCfg = Release|Any CPU
		{97D4AB96-AA2B-442E-B433-9699A6123787}.Release|x86.Build.0 = Release|Any CPU
		{A4D96303-6C3E-453C-8CE9-1A3D771AE9F9}.Debug|Any CPU.ActiveCfg = Debug|Any CPU
		{A4D96303-6C3E-453C-8CE9-1A3D771AE9F9}.Debug|Any CPU.Build.0 = Debug|Any CPU
		{A4D96303-6C3E-453C-8CE9-1A3D771AE9F9}.Debug|x86.ActiveCfg = Debug|Any CPU
		{A4D96303-6C3E-453C-8CE9-1A3D771AE9F9}.Debug|x86.Build.0 = Debug|Any CPU
		{A4D96303-6C3E-453C-8CE9-1A3D771AE9F9}.Release|Any CPU.ActiveCfg = Release|Any CPU
		{A4D96303-6C3E-453C-8CE9-1A3D771AE9F9}.Release|Any CPU.Build.0 = Release|Any CPU
		{A4D96303-6C3E-453C-8CE9-1A3D771AE9F9}.Release|x86.ActiveCfg = Release|Any CPU
		{A4D96303-6C3E-453C-8CE9-1A3D771AE9F9}.Release|x86.Build.0 = Release|Any CPU
		{9C6B567A-B17B-4AF9-BFE4-8150C84313A5}.Debug|Any CPU.ActiveCfg = Debug|Any CPU
		{9C6B567A-B17B-4AF9-BFE4-8150C84313A5}.Debug|Any CPU.Build.0 = Debug|Any CPU
		{9C6B567A-B17B-4AF9-BFE4-8150C84313A5}.Debug|x86.ActiveCfg = Debug|Any CPU
		{9C6B567A-B17B-4AF9-BFE4-8150C84313A5}.Debug|x86.Build.0 = Debug|Any CPU
		{9C6B567A-B17B-4AF9-BFE4-8150C84313A5}.Release|Any CPU.ActiveCfg = Release|Any CPU
		{9C6B567A-B17B-4AF9-BFE4-8150C84313A5}.Release|Any CPU.Build.0 = Release|Any CPU
		{9C6B567A-B17B-4AF9-BFE4-8150C84313A5}.Release|x86.ActiveCfg = Release|Any CPU
		{9C6B567A-B17B-4AF9-BFE4-8150C84313A5}.Release|x86.Build.0 = Release|Any CPU
		{B8E4F2A1-3C5D-4F8E-9A2B-1D3E4F5A6B7C}.Debug|Any CPU.ActiveCfg = Debug|Any CPU
		{B8E4F2A1-3C5D-4F8E-9A2B-1D3E4F5A6B7C}.Debug|Any CPU.Build.0 = Debug|Any CPU
		{B8E4F2A1-3C5D-4F8E-9A2B-1D3E4F5A6B7C}.Debug|x86.ActiveCfg = Debug|Any CPU
		{B8E4F2A1-3C5D-4F8E-9A2B-1D3E4F5A6B7C}.Debug|x86.Build.0 = Debug|Any CPU
		{B8E4F2A1-3C5D-4F8E-9A2B-1D3E4F5A6B7C}.Release|Any CPU.ActiveCfg = Release|Any CPU
		{B8E4F2A1-3C5D-4F8E-9A2B-1D3E4F5A6B7C}.Release|Any CPU.Build.0 = Release|Any CPU
		{B8E4F2A1-3C5D-4F8E-9A2B-1D3E4F5A6B7C}.Release|x86.ActiveCfg = Release|Any CPU
		{B8E4F2A1-3C5D-4F8E-9A2B-1D3E4F5A6B7C}.Release|x86.Build.0 = Release|Any CPU
		{7ADD954B-79C6-4EDE-8C7B-73C706A33912}.Debug|Any CPU.ActiveCfg = Debug|Any CPU
		{7ADD954B-79C6-4EDE-8C7B-73C706A33912}.Debug|Any CPU.Build.0 = Debug|Any CPU
		{7ADD954B-79C6-4EDE-8C7B-73C706A33912}.Debug|x86.ActiveCfg = Debug|Any CPU
		{7ADD954B-79C6-4EDE-8C7B-73C706A33912}.Debug|x86.Build.0 = Debug|Any CPU
		{7ADD954B-79C6-4EDE-8C7B-73C706A33912}.Release|Any CPU.ActiveCfg = Release|Any CPU
		{7ADD954B-79C6-4EDE-8C7B-73C706A33912}.Release|Any CPU.Build.0 = Release|Any CPU
		{7ADD954B-79C6-4EDE-8C7B-73C706A33912}.Release|x86.ActiveCfg = Release|Any CPU
		{7ADD954B-79C6-4EDE-8C7B-73C706A33912}.Release|x86.Build.0 = Release|Any CPU
		{5A148633-9D6E-4886-8D2B-202D3B6FA8F9}.Debug|Any CPU.ActiveCfg = Debug|Any CPU
		{5A148633-9D6E-4886-8D2B-202D3B6FA8F9}.Debug|Any CPU.Build.0 = Debug|Any CPU
		{5A148633-9D6E-4886-8D2B-202D3B6FA8F9}.Debug|x86.ActiveCfg = Debug|Any CPU
		{5A148633-9D6E-4886-8D2B-202D3B6FA8F9}.Debug|x86.Build.0 = Debug|Any CPU
		{5A148633-9D6E-4886-8D2B-202D3B6FA8F9}.Release|Any CPU.ActiveCfg = Release|Any CPU
		{5A148633-9D6E-4886-8D2B-202D3B6FA8F9}.Release|Any CPU.Build.0 = Release|Any CPU
		{5A148633-9D6E-4886-8D2B-202D3B6FA8F9}.Release|x86.ActiveCfg = Release|Any CPU
		{5A148633-9D6E-4886-8D2B-202D3B6FA8F9}.Release|x86.Build.0 = Release|Any CPU
		{78415C93-67A8-4A0A-97ED-2A255347AA08}.Debug|Any CPU.ActiveCfg = Debug|Any CPU
		{78415C93-67A8-4A0A-97ED-2A255347AA08}.Debug|Any CPU.Build.0 = Debug|Any CPU
		{78415C93-67A8-4A0A-97ED-2A255347AA08}.Debug|x86.ActiveCfg = Debug|Any CPU
		{78415C93-67A8-4A0A-97ED-2A255347AA08}.Debug|x86.Build.0 = Debug|Any CPU
		{78415C93-67A8-4A0A-97ED-2A255347AA08}.Release|Any CPU.ActiveCfg = Release|Any CPU
		{78415C93-67A8-4A0A-97ED-2A255347AA08}.Release|Any CPU.Build.0 = Release|Any CPU
		{78415C93-67A8-4A0A-97ED-2A255347AA08}.Release|x86.ActiveCfg = Release|Any CPU
		{78415C93-67A8-4A0A-97ED-2A255347AA08}.Release|x86.Build.0 = Release|Any CPU
		{85669669-DDD3-4C60-89CC-FC95A6BBEFF3}.Debug|Any CPU.ActiveCfg = Debug|Any CPU
		{85669669-DDD3-4C60-89CC-FC95A6BBEFF3}.Debug|Any CPU.Build.0 = Debug|Any CPU
		{85669669-DDD3-4C60-89CC-FC95A6BBEFF3}.Debug|x86.ActiveCfg = Debug|Any CPU
		{85669669-DDD3-4C60-89CC-FC95A6BBEFF3}.Debug|x86.Build.0 = Debug|Any CPU
		{85669669-DDD3-4C60-89CC-FC95A6BBEFF3}.Release|Any CPU.ActiveCfg = Release|Any CPU
		{85669669-DDD3-4C60-89CC-FC95A6BBEFF3}.Release|Any CPU.Build.0 = Release|Any CPU
		{85669669-DDD3-4C60-89CC-FC95A6BBEFF3}.Release|x86.ActiveCfg = Release|Any CPU
		{85669669-DDD3-4C60-89CC-FC95A6BBEFF3}.Release|x86.Build.0 = Release|Any CPU
		{D014CB92-FC84-4AB2-B4EE-270DE44F4C01}.Debug|Any CPU.ActiveCfg = Debug|Any CPU
		{D014CB92-FC84-4AB2-B4EE-270DE44F4C01}.Debug|Any CPU.Build.0 = Debug|Any CPU
		{D014CB92-FC84-4AB2-B4EE-270DE44F4C01}.Debug|x86.ActiveCfg = Debug|Any CPU
		{D014CB92-FC84-4AB2-B4EE-270DE44F4C01}.Debug|x86.Build.0 = Debug|Any CPU
		{D014CB92-FC84-4AB2-B4EE-270DE44F4C01}.Release|Any CPU.ActiveCfg = Release|Any CPU
		{D014CB92-FC84-4AB2-B4EE-270DE44F4C01}.Release|Any CPU.Build.0 = Release|Any CPU
		{D014CB92-FC84-4AB2-B4EE-270DE44F4C01}.Release|x86.ActiveCfg = Release|Any CPU
		{D014CB92-FC84-4AB2-B4EE-270DE44F4C01}.Release|x86.Build.0 = Release|Any CPU
		{D7A4EEC3-D3B6-40B0-A98E-5618BC8D4465}.Debug|Any CPU.ActiveCfg = Debug|Any CPU
		{D7A4EEC3-D3B6-40B0-A98E-5618BC8D4465}.Debug|Any CPU.Build.0 = Debug|Any CPU
		{D7A4EEC3-D3B6-40B0-A98E-5618BC8D4465}.Debug|x86.ActiveCfg = Debug|Any CPU
		{D7A4EEC3-D3B6-40B0-A98E-5618BC8D4465}.Debug|x86.Build.0 = Debug|Any CPU
		{D7A4EEC3-D3B6-40B0-A98E-5618BC8D4465}.Release|Any CPU.ActiveCfg = Release|Any CPU
		{D7A4EEC3-D3B6-40B0-A98E-5618BC8D4465}.Release|Any CPU.Build.0 = Release|Any CPU
		{D7A4EEC3-D3B6-40B0-A98E-5618BC8D4465}.Release|x86.ActiveCfg = Release|Any CPU
		{D7A4EEC3-D3B6-40B0-A98E-5618BC8D4465}.Release|x86.Build.0 = Release|Any CPU
		{DA7AD537-67D7-4338-8150-B140BE12B38E}.Debug|Any CPU.ActiveCfg = Debug|Any CPU
		{DA7AD537-67D7-4338-8150-B140BE12B38E}.Debug|Any CPU.Build.0 = Debug|Any CPU
		{DA7AD537-67D7-4338-8150-B140BE12B38E}.Debug|x86.ActiveCfg = Debug|Any CPU
		{DA7AD537-67D7-4338-8150-B140BE12B38E}.Debug|x86.Build.0 = Debug|Any CPU
		{DA7AD537-67D7-4338-8150-B140BE12B38E}.Release|Any CPU.ActiveCfg = Release|Any CPU
		{DA7AD537-67D7-4338-8150-B140BE12B38E}.Release|Any CPU.Build.0 = Release|Any CPU
		{DA7AD537-67D7-4338-8150-B140BE12B38E}.Release|x86.ActiveCfg = Release|Any CPU
		{DA7AD537-67D7-4338-8150-B140BE12B38E}.Release|x86.Build.0 = Release|Any CPU
		{6E14D2DE-496B-4FCD-97A8-1B360401FD3A}.Debug|Any CPU.ActiveCfg = Debug|Any CPU
		{6E14D2DE-496B-4FCD-97A8-1B360401FD3A}.Debug|Any CPU.Build.0 = Debug|Any CPU
		{6E14D2DE-496B-4FCD-97A8-1B360401FD3A}.Debug|x86.ActiveCfg = Debug|Any CPU
		{6E14D2DE-496B-4FCD-97A8-1B360401FD3A}.Debug|x86.Build.0 = Debug|Any CPU
		{6E14D2DE-496B-4FCD-97A8-1B360401FD3A}.Release|Any CPU.ActiveCfg = Release|Any CPU
		{6E14D2DE-496B-4FCD-97A8-1B360401FD3A}.Release|Any CPU.Build.0 = Release|Any CPU
		{6E14D2DE-496B-4FCD-97A8-1B360401FD3A}.Release|x86.ActiveCfg = Release|Any CPU
		{6E14D2DE-496B-4FCD-97A8-1B360401FD3A}.Release|x86.Build.0 = Release|Any CPU
		{8E6C33F5-6926-461C-8F27-446738ED9C22}.Debug|Any CPU.ActiveCfg = Debug|Any CPU
		{8E6C33F5-6926-461C-8F27-446738ED9C22}.Debug|Any CPU.Build.0 = Debug|Any CPU
		{8E6C33F5-6926-461C-8F27-446738ED9C22}.Debug|Any CPU.Deploy.0 = Debug|Any CPU
		{8E6C33F5-6926-461C-8F27-446738ED9C22}.Debug|x86.ActiveCfg = Debug|Any CPU
		{8E6C33F5-6926-461C-8F27-446738ED9C22}.Debug|x86.Build.0 = Debug|Any CPU
		{8E6C33F5-6926-461C-8F27-446738ED9C22}.Debug|x86.Deploy.0 = Debug|Any CPU
		{8E6C33F5-6926-461C-8F27-446738ED9C22}.Release|Any CPU.ActiveCfg = Release|Any CPU
		{8E6C33F5-6926-461C-8F27-446738ED9C22}.Release|Any CPU.Build.0 = Release|Any CPU
		{8E6C33F5-6926-461C-8F27-446738ED9C22}.Release|Any CPU.Deploy.0 = Release|Any CPU
		{8E6C33F5-6926-461C-8F27-446738ED9C22}.Release|x86.ActiveCfg = Release|Any CPU
		{8E6C33F5-6926-461C-8F27-446738ED9C22}.Release|x86.Build.0 = Release|Any CPU
		{8E6C33F5-6926-461C-8F27-446738ED9C22}.Release|x86.Deploy.0 = Release|Any CPU
		{2297F4C1-6563-434C-BE3C-03A0E18AB00E}.Debug|Any CPU.ActiveCfg = Debug|Any CPU
		{2297F4C1-6563-434C-BE3C-03A0E18AB00E}.Debug|Any CPU.Build.0 = Debug|Any CPU
		{2297F4C1-6563-434C-BE3C-03A0E18AB00E}.Debug|x86.ActiveCfg = Debug|Any CPU
		{2297F4C1-6563-434C-BE3C-03A0E18AB00E}.Debug|x86.Build.0 = Debug|Any CPU
		{2297F4C1-6563-434C-BE3C-03A0E18AB00E}.Release|Any CPU.ActiveCfg = Release|Any CPU
		{2297F4C1-6563-434C-BE3C-03A0E18AB00E}.Release|Any CPU.Build.0 = Release|Any CPU
		{2297F4C1-6563-434C-BE3C-03A0E18AB00E}.Release|x86.ActiveCfg = Release|Any CPU
		{2297F4C1-6563-434C-BE3C-03A0E18AB00E}.Release|x86.Build.0 = Release|Any CPU
		{61AA8B73-6C14-08BA-7219-4008B83EE9F6}.Debug|Any CPU.ActiveCfg = Debug|Any CPU
		{61AA8B73-6C14-08BA-7219-4008B83EE9F6}.Debug|Any CPU.Build.0 = Debug|Any CPU
		{61AA8B73-6C14-08BA-7219-4008B83EE9F6}.Debug|x86.ActiveCfg = Debug|Any CPU
		{61AA8B73-6C14-08BA-7219-4008B83EE9F6}.Debug|x86.Build.0 = Debug|Any CPU
		{61AA8B73-6C14-08BA-7219-4008B83EE9F6}.Release|Any CPU.ActiveCfg = Release|Any CPU
		{61AA8B73-6C14-08BA-7219-4008B83EE9F6}.Release|Any CPU.Build.0 = Release|Any CPU
		{61AA8B73-6C14-08BA-7219-4008B83EE9F6}.Release|x86.ActiveCfg = Release|Any CPU
		{61AA8B73-6C14-08BA-7219-4008B83EE9F6}.Release|x86.Build.0 = Release|Any CPU
		{50829EED-612B-445E-8E70-532D4D46073B}.Debug|Any CPU.ActiveCfg = Debug|Any CPU
		{50829EED-612B-445E-8E70-532D4D46073B}.Debug|Any CPU.Build.0 = Debug|Any CPU
		{50829EED-612B-445E-8E70-532D4D46073B}.Debug|x86.ActiveCfg = Debug|Any CPU
		{50829EED-612B-445E-8E70-532D4D46073B}.Debug|x86.Build.0 = Debug|Any CPU
		{50829EED-612B-445E-8E70-532D4D46073B}.Release|Any CPU.ActiveCfg = Release|Any CPU
		{50829EED-612B-445E-8E70-532D4D46073B}.Release|Any CPU.Build.0 = Release|Any CPU
		{50829EED-612B-445E-8E70-532D4D46073B}.Release|x86.ActiveCfg = Release|Any CPU
		{50829EED-612B-445E-8E70-532D4D46073B}.Release|x86.Build.0 = Release|Any CPU
		{17464856-DA9B-417A-8B79-549BBDADD04E}.Debug|Any CPU.ActiveCfg = Debug|Any CPU
		{17464856-DA9B-417A-8B79-549BBDADD04E}.Debug|Any CPU.Build.0 = Debug|Any CPU
		{17464856-DA9B-417A-8B79-549BBDADD04E}.Debug|x86.ActiveCfg = Debug|Any CPU
		{17464856-DA9B-417A-8B79-549BBDADD04E}.Debug|x86.Build.0 = Debug|Any CPU
		{17464856-DA9B-417A-8B79-549BBDADD04E}.Release|Any CPU.ActiveCfg = Release|Any CPU
		{17464856-DA9B-417A-8B79-549BBDADD04E}.Release|Any CPU.Build.0 = Release|Any CPU
		{17464856-DA9B-417A-8B79-549BBDADD04E}.Release|x86.ActiveCfg = Release|Any CPU
		{17464856-DA9B-417A-8B79-549BBDADD04E}.Release|x86.Build.0 = Release|Any CPU
		{9086B1C2-A0FE-472D-9A55-2A190F8C92A2}.Debug|Any CPU.ActiveCfg = Debug|Any CPU
		{9086B1C2-A0FE-472D-9A55-2A190F8C92A2}.Debug|Any CPU.Build.0 = Debug|Any CPU
		{9086B1C2-A0FE-472D-9A55-2A190F8C92A2}.Debug|x86.ActiveCfg = Debug|Any CPU
		{9086B1C2-A0FE-472D-9A55-2A190F8C92A2}.Debug|x86.Build.0 = Debug|Any CPU
		{9086B1C2-A0FE-472D-9A55-2A190F8C92A2}.Release|Any CPU.ActiveCfg = Release|Any CPU
		{9086B1C2-A0FE-472D-9A55-2A190F8C92A2}.Release|Any CPU.Build.0 = Release|Any CPU
		{9086B1C2-A0FE-472D-9A55-2A190F8C92A2}.Release|x86.ActiveCfg = Release|Any CPU
		{9086B1C2-A0FE-472D-9A55-2A190F8C92A2}.Release|x86.Build.0 = Release|Any CPU
		{BFEE0A50-FF58-46DB-9B4A-4F7D3A489943}.Debug|Any CPU.ActiveCfg = Debug|Any CPU
		{BFEE0A50-FF58-46DB-9B4A-4F7D3A489943}.Debug|Any CPU.Build.0 = Debug|Any CPU
		{BFEE0A50-FF58-46DB-9B4A-4F7D3A489943}.Debug|x86.ActiveCfg = Debug|Any CPU
		{BFEE0A50-FF58-46DB-9B4A-4F7D3A489943}.Debug|x86.Build.0 = Debug|Any CPU
		{BFEE0A50-FF58-46DB-9B4A-4F7D3A489943}.Release|Any CPU.ActiveCfg = Release|Any CPU
		{BFEE0A50-FF58-46DB-9B4A-4F7D3A489943}.Release|Any CPU.Build.0 = Release|Any CPU
		{BFEE0A50-FF58-46DB-9B4A-4F7D3A489943}.Release|x86.ActiveCfg = Release|Any CPU
		{BFEE0A50-FF58-46DB-9B4A-4F7D3A489943}.Release|x86.Build.0 = Release|Any CPU
		{AE8820C2-B030-48EF-9B81-72B31ACF28CE}.Debug|Any CPU.ActiveCfg = Debug|Any CPU
		{AE8820C2-B030-48EF-9B81-72B31ACF28CE}.Debug|Any CPU.Build.0 = Debug|Any CPU
		{AE8820C2-B030-48EF-9B81-72B31ACF28CE}.Debug|x86.ActiveCfg = Debug|Any CPU
		{AE8820C2-B030-48EF-9B81-72B31ACF28CE}.Debug|x86.Build.0 = Debug|Any CPU
		{AE8820C2-B030-48EF-9B81-72B31ACF28CE}.Release|Any CPU.ActiveCfg = Release|Any CPU
		{AE8820C2-B030-48EF-9B81-72B31ACF28CE}.Release|Any CPU.Build.0 = Release|Any CPU
		{AE8820C2-B030-48EF-9B81-72B31ACF28CE}.Release|x86.ActiveCfg = Release|Any CPU
		{AE8820C2-B030-48EF-9B81-72B31ACF28CE}.Release|x86.Build.0 = Release|Any CPU
	EndGlobalSection
	GlobalSection(SolutionProperties) = preSolution
		HideSolutionNode = FALSE
	EndGlobalSection
	GlobalSection(NestedProjects) = preSolution
		{1ED088E6-1806-4D77-9143-2221DCBCF8F1} = {8D95B70E-B943-4D24-A90A-A811CD0E7497}
		{BE942544-C359-4A3A-A249-930A55AB801F} = {8D95B70E-B943-4D24-A90A-A811CD0E7497}
		{80C31A04-8542-4484-AE8A-78F67243AF2C} = {E5F5079F-EF2B-4A9B-B00F-44AA61F07339}
		{DDA5CADB-6BEF-4AE1-80A3-3FDDB150B05B} = {8D95B70E-B943-4D24-A90A-A811CD0E7497}
		{6F59FFD4-C888-4B6F-9D2C-94396693D84E} = {8D95B70E-B943-4D24-A90A-A811CD0E7497}
		{1523DACD-D0FA-4E7A-AF98-15E45F65E0B0} = {A839D3E5-8157-4EF6-8EB1-FA4E87A92CDA}
		{4900C16A-8C31-4655-B3E8-0DED527D2132} = {A839D3E5-8157-4EF6-8EB1-FA4E87A92CDA}
		{2CE9A8E7-BA53-410B-A2B8-7D285CBDFFC1} = {FFCD19B2-4E9A-4195-A534-166F02FDE2C3}
		{ABB3E4C9-9952-486D-AE45-9AA76013AA43} = {D14E917F-45A0-4E0C-BCF5-31DC3C7D2B5B}
		{A12AA661-6B13-447A-8EE2-D011FF3A9CF4} = {D14E917F-45A0-4E0C-BCF5-31DC3C7D2B5B}
		{80C4F9EA-23F8-4F92-BA22-98BE7540B883} = {A839D3E5-8157-4EF6-8EB1-FA4E87A92CDA}
		{7257CD96-7FD0-4E4A-A7A0-2474A6464B90} = {A839D3E5-8157-4EF6-8EB1-FA4E87A92CDA}
		{470D51EC-1DEC-418B-A169-2D72E8721E12} = {A839D3E5-8157-4EF6-8EB1-FA4E87A92CDA}
		{99979E6E-D7E0-451C-88AA-ACC0251C93CF} = {A839D3E5-8157-4EF6-8EB1-FA4E87A92CDA}
		{17E1F199-A4DB-4C1B-81EE-98EEF1AA6994} = {A839D3E5-8157-4EF6-8EB1-FA4E87A92CDA}
		{70207D4B-EE52-43D6-B693-D9023926A981} = {8D95B70E-B943-4D24-A90A-A811CD0E7497}
		{97D4AB96-AA2B-442E-B433-9699A6123787} = {D14E917F-45A0-4E0C-BCF5-31DC3C7D2B5B}
		{A4D96303-6C3E-453C-8CE9-1A3D771AE9F9} = {8D95B70E-B943-4D24-A90A-A811CD0E7497}
		{9C6B567A-B17B-4AF9-BFE4-8150C84313A5} = {8D95B70E-B943-4D24-A90A-A811CD0E7497}
		{B8E4F2A1-3C5D-4F8E-9A2B-1D3E4F5A6B7C} = {8D95B70E-B943-4D24-A90A-A811CD0E7497}
		{7ADD954B-79C6-4EDE-8C7B-73C706A33912} = {8D95B70E-B943-4D24-A90A-A811CD0E7497}
		{5A148633-9D6E-4886-8D2B-202D3B6FA8F9} = {8D95B70E-B943-4D24-A90A-A811CD0E7497}
		{78415C93-67A8-4A0A-97ED-2A255347AA08} = {8D95B70E-B943-4D24-A90A-A811CD0E7497}
		{85669669-DDD3-4C60-89CC-FC95A6BBEFF3} = {FFCD19B2-4E9A-4195-A534-166F02FDE2C3}
		{D014CB92-FC84-4AB2-B4EE-270DE44F4C01} = {D14E917F-45A0-4E0C-BCF5-31DC3C7D2B5B}
		{D7A4EEC3-D3B6-40B0-A98E-5618BC8D4465} = {A839D3E5-8157-4EF6-8EB1-FA4E87A92CDA}
		{DA7AD537-67D7-4338-8150-B140BE12B38E} = {8D95B70E-B943-4D24-A90A-A811CD0E7497}
		{6E14D2DE-496B-4FCD-97A8-1B360401FD3A} = {FFCD19B2-4E9A-4195-A534-166F02FDE2C3}
		{8E6C33F5-6926-461C-8F27-446738ED9C22} = {FFCD19B2-4E9A-4195-A534-166F02FDE2C3}
		{2297F4C1-6563-434C-BE3C-03A0E18AB00E} = {A839D3E5-8157-4EF6-8EB1-FA4E87A92CDA}
		{61AA8B73-6C14-08BA-7219-4008B83EE9F6} = {FFCD19B2-4E9A-4195-A534-166F02FDE2C3}
		{50829EED-612B-445E-8E70-532D4D46073B} = {8D95B70E-B943-4D24-A90A-A811CD0E7497}
		{17464856-DA9B-417A-8B79-549BBDADD04E} = {A839D3E5-8157-4EF6-8EB1-FA4E87A92CDA}
		{9086B1C2-A0FE-472D-9A55-2A190F8C92A2} = {B5AE1C6D-C747-476A-B892-FF58DF006254}
		{BFEE0A50-FF58-46DB-9B4A-4F7D3A489943} = {B5AE1C6D-C747-476A-B892-FF58DF006254}
		{AE8820C2-B030-48EF-9B81-72B31ACF28CE} = {B5AE1C6D-C747-476A-B892-FF58DF006254}
	EndGlobalSection
	GlobalSection(ExtensibilityGlobals) = postSolution
		SolutionGuid = {E2292D5F-9EDC-489F-BAE4-75BC33F646F6}
	EndGlobalSection
	GlobalSection(TestCaseManagementSettings) = postSolution
		CategoryFile = MainProject.vsmdi
	EndGlobalSection
EndGlobal
